
Microsoft Visual Studio Solution File, Format Version 12.00
# Visual Studio Version 17
VisualStudioVersion = 17.9.34728.123
MinimumVisualStudioVersion = 10.0.40219.1
Project("{888888A0-9F3D-457C-B088-3A5042F75D52}") = "PythonHandle", "PythonHandle\PythonHandle.pyproj", "{752E05F3-DDA2-44A5-BAAD-02E0FB3C84EC}"
EndProject
Global
	GlobalSection(SolutionConfigurationPlatforms) = preSolution
		Debug|Any CPU = Debug|Any CPU
		Release|Any CPU = Release|Any CPU
	EndGlobalSection
	GlobalSection(ProjectConfigurationPlatforms) = postSolution
		{752E05F3-DDA2-44A5-BAAD-02E0FB3C84EC}.Debug|Any CPU.ActiveCfg = Debug|Any CPU
		{752E05F3-DDA2-44A5-BAAD-02E0FB3C84EC}.Release|Any CPU.ActiveCfg = Release|Any CPU
	EndGlobalSection
	GlobalSection(SolutionProperties) = preSolution
		HideSolutionNode = FALSE
	EndGlobalSection
	GlobalSection(ExtensibilityGlobals) = postSolution
		SolutionGuid = {55D79382-903F-4457-9D74-AA2A7C4783F1}
	EndGlobalSection
EndGlobal
